// !$*UTF8*$!
{
	archiveVersion = 1;
	classes = {
	};
	objectVersion = 50;
	objects = {

/* Begin PBXBuildFile section */
		2C6B5D0825EC85F60044EAEC /* main.m in Sources */ = {isa = PBXBuildFile; fileRef = 2C6B5D0725EC85F60044EAEC /* main.m */; };
		2C6B5D1125EC866B0044EAEC /* FNLicensing.framework in Frameworks */ = {isa = PBXBuildFile; fileRef = 2C6B5D1025EC866B0044EAEC /* FNLicensing.framework */; };
		2C6B5D1225EC866B0044EAEC /* FNLicensing.framework in Embed Frameworks */ = {isa = PBXBuildFile; fileRef = 2C6B5D1025EC866B0044EAEC /* FNLicensing.framework */; settings = {ATTRIBUTES = (CodeSignOnCopy, RemoveHeadersOnCopy, ); }; };
		2C6B5D1525EC86980044EAEC /* FNFoundation.framework in Frameworks */ = {isa = PBXBuildFile; fileRef = 2C6B5D1425EC86980044EAEC /* FNFoundation.framework */; };
		2C6B5D1625EC86980044EAEC /* FNFoundation.framework in Embed Frameworks */ = {isa = PBXBuildFile; fileRef = 2C6B5D1425EC86980044EAEC /* FNFoundation.framework */; settings = {ATTRIBUTES = (CodeSignOnCopy, RemoveHeadersOnCopy, ); }; };
/* End PBXBuildFile section */

/* Begin PBXCopyFilesBuildPhase section */
		2C6B5D0225EC85F60044EAEC /* CopyFiles */ = {
			isa = PBXCopyFilesBuildPhase;
			buildActionMask = 2147483647;
			dstPath = /usr/share/man/man1/;
			dstSubfolderSpec = 0;
			files = (
			);
			runOnlyForDeploymentPostprocessing = 1;
		};
		2C6B5D1325EC866B0044EAEC /* Embed Frameworks */ = {
			isa = PBXCopyFilesBuildPhase;
			buildActionMask = 2147483647;
			dstPath = "";
			dstSubfolderSpec = 10;
			files = (
				2C6B5D1225EC866B0044EAEC /* FNLicensing.framework in Embed Frameworks */,
				2C6B5D1625EC86980044EAEC /* FNFoundation.framework in Embed Frameworks */,
			);
			name = "Embed Frameworks";
			runOnlyForDeploymentPostprocessing = 0;
		};
/* End PBXCopyFilesBuildPhase section */

/* Begin PBXFileReference section */
		2C6B5D0425EC85F60044EAEC /* TowerCodeFramework */ = {isa = PBXFileReference; explicitFileType = "compiled.mach-o.executable"; includeInIndex = 0; path = TowerCodeFramework; sourceTree = BUILT_PRODUCTS_DIR; };
		2C6B5D0725EC85F60044EAEC /* main.m */ = {isa = PBXFileReference; lastKnownFileType = sourcecode.c.objc; path = main.m; sourceTree = "<group>"; };
		2C6B5D1025EC866B0044EAEC /* FNLicensing.framework */ = {isa = PBXFileReference; lastKnownFileType = wrapper.framework; name = FNLicensing.framework; path = Framework/FNLicensing.framework; sourceTree = "<group>"; };
		2C6B5D1425EC86980044EAEC /* FNFoundation.framework */ = {isa = PBXFileReference; lastKnownFileType = wrapper.framework; name = FNFoundation.framework; path = Framework/FNFoundation.framework; sourceTree = "<group>"; };
		2C6B5D1725EC88D90044EAEC /* TowerHeader.h */ = {isa = PBXFileReference; lastKnownFileType = sourcecode.c.h; path = TowerHeader.h; sourceTree = "<group>"; };
		2CFDD1452C7C8C8B00C2DED2 /* TowerCodeFramework.entitlements */ = {isa = PBXFileReference; lastKnownFileType = text.plist.entitlements; path = TowerCodeFramework.entitlements; sourceTree = "<group>"; };
/* End PBXFileReference section */

/* Begin PBXFrameworksBuildPhase section */
		2C6B5D0125EC85F60044EAEC /* Frameworks */ = {
			isa = PBXFrameworksBuildPhase;
			buildActionMask = 2147483647;
			files = (
				2C6B5D1125EC866B0044EAEC /* FNLicensing.framework in Frameworks */,
				2C6B5D1525EC86980044EAEC /* FNFoundation.framework in Frameworks */,
			);
			runOnlyForDeploymentPostprocessing = 0;
		};
/* End PBXFrameworksBuildPhase section */

/* Begin PBXGroup section */
		2C6B5CFB25EC85F60044EAEC = {
			isa = PBXGroup;
			children = (
				2C6B5D0625EC85F60044EAEC /* TowerCodeFramework */,
				2C6B5D0525EC85F60044EAEC /* Products */,
				2C6B5D0F25EC866B0044EAEC /* Frameworks */,
			);
			sourceTree = "<group>";
		};
		2C6B5D0525EC85F60044EAEC /* Products */ = {
			isa = PBXGroup;
			children = (
				2C6B5D0425EC85F60044EAEC /* TowerCodeFramework */,
			);
			name = Products;
			sourceTree = "<group>";
		};
		2C6B5D0625EC85F60044EAEC /* TowerCodeFramework */ = {
			isa = PBXGroup;
			children = (
				2CFDD1452C7C8C8B00C2DED2 /* TowerCodeFramework.entitlements */,
				2C6B5D0725EC85F60044EAEC /* main.m */,
				2C6B5D1725EC88D90044EAEC /* TowerHeader.h */,
			);
			path = TowerCodeFramework;
			sourceTree = "<group>";
		};
		2C6B5D0F25EC866B0044EAEC /* Frameworks */ = {
			isa = PBXGroup;
			children = (
				2C6B5D1425EC86980044EAEC /* FNFoundation.framework */,
				2C6B5D1025EC866B0044EAEC /* FNLicensing.framework */,
			);
			name = Frameworks;
			sourceTree = "<group>";
		};
/* End PBXGroup section */

/* Begin PBXNativeTarget section */
		2C6B5D0325EC85F60044EAEC /* TowerCodeFramework */ = {
			isa = PBXNativeTarget;
			buildConfigurationList = 2C6B5D0B25EC85F60044EAEC /* Build configuration list for PBXNativeTarget "TowerCodeFramework" */;
			buildPhases = (
				2C6B5D0025EC85F60044EAEC /* Sources */,
				2C6B5D0125EC85F60044EAEC /* Frameworks */,
				2C6B5D0225EC85F60044EAEC /* CopyFiles */,
				2C6B5D1325EC866B0044EAEC /* Embed Frameworks */,
			);
			buildRules = (
			);
			dependencies = (
			);
			name = TowerCodeFramework;
			productName = TowerCodeFramework;
			productReference = 2C6B5D0425EC85F60044EAEC /* TowerCodeFramework */;
			productType = "com.apple.product-type.tool";
		};
/* End PBXNativeTarget section */

/* Begin PBXProject section */
		2C6B5CFC25EC85F60044EAEC /* Project object */ = {
			isa = PBXProject;
			attributes = {
				LastUpgradeCheck = 1240;
				TargetAttributes = {
					2C6B5D0325EC85F60044EAEC = {
						CreatedOnToolsVersion = 12.4;
					};
				};
			};
			buildConfigurationList = 2C6B5CFF25EC85F60044EAEC /* Build configuration list for PBXProject "TowerCodeFramework" */;
			compatibilityVersion = "Xcode 9.3";
			developmentRegion = en;
			hasScannedForEncodings = 0;
			knownRegions = (
				en,
				Base,
			);
			mainGroup = 2C6B5CFB25EC85F60044EAEC;
			productRefGroup = 2C6B5D0525EC85F60044EAEC /* Products */;
			projectDirPath = "";
			projectRoot = "";
			targets = (
				2C6B5D0325EC85F60044EAEC /* TowerCodeFramework */,
			);
		};
/* End PBXProject section */

/* Begin PBXSourcesBuildPhase section */
		2C6B5D0025EC85F60044EAEC /* Sources */ = {
			isa = PBXSourcesBuildPhase;
			buildActionMask = 2147483647;
			files = (
				2C6B5D0825EC85F60044EAEC /* main.m in Sources */,
			);
			runOnlyForDeploymentPostprocessing = 0;
		};
/* End PBXSourcesBuildPhase section */

/* Begin XCBuildConfiguration section */
		2C6B5D0925EC85F60044EAEC /* Debug */ = {
			isa = XCBuildConfiguration;
			buildSettings = {
				ALWAYS_SEARCH_USER_PATHS = NO;
				CLANG_ANALYZER_NONNULL = YES;
				CLANG_ANALYZER_NUMBER_OBJECT_CONVERSION = YES_AGGRESSIVE;
				CLANG_CXX_LANGUAGE_STANDARD = "gnu++14";
				CLANG_CXX_LIBRARY = "libc++";
				CLANG_ENABLE_MODULES = YES;
				CLANG_ENABLE_OBJC_ARC = YES;
				CLANG_ENABLE_OBJC_WEAK = YES;
				CLANG_WARN_BLOCK_CAPTURE_AUTORELEASING = YES;
				CLANG_WARN_BOOL_CONVERSION = YES;
				CLANG_WARN_COMMA = YES;
				CLANG_WARN_CONSTANT_CONVERSION = YES;
				CLANG_WARN_DEPRECATED_OBJC_IMPLEMENTATIONS = YES;
				CLANG_WARN_DIRECT_OBJC_ISA_USAGE = YES_ERROR;
				CLANG_WARN_DOCUMENTATION_COMMENTS = YES;
				CLANG_WARN_EMPTY_BODY = YES;
				CLANG_WARN_ENUM_CONVERSION = YES;
				CLANG_WARN_INFINITE_RECURSION = YES;
				CLANG_WARN_INT_CONVERSION = YES;
				CLANG_WARN_NON_LITERAL_NULL_CONVERSION = YES;
				CLANG_WARN_OBJC_IMPLICIT_RETAIN_SELF = YES;
				CLANG_WARN_OBJC_LITERAL_CONVERSION = YES;
				CLANG_WARN_OBJC_ROOT_CLASS = YES_ERROR;
				CLANG_WARN_QUOTED_INCLUDE_IN_FRAMEWORK_HEADER = YES;
				CLANG_WARN_RANGE_LOOP_ANALYSIS = YES;
				CLANG_WARN_STRICT_PROTOTYPES = YES;
				CLANG_WARN_SUSPICIOUS_MOVE = YES;
				CLANG_WARN_UNGUARDED_AVAILABILITY = YES_AGGRESSIVE;
				CLANG_WARN_UNREACHABLE_CODE = YES;
				CLANG_WARN__DUPLICATE_METHOD_MATCH = YES;
				COPY_PHASE_STRIP = NO;
				DEBUG_INFORMATION_FORMAT = dwarf;
				ENABLE_STRICT_OBJC_MSGSEND = YES;
				ENABLE_TESTABILITY = YES;
				GCC_C_LANGUAGE_STANDARD = gnu11;
				GCC_DYNAMIC_NO_PIC = NO;
				GCC_NO_COMMON_BLOCKS = YES;
				GCC_OPTIMIZATION_LEVEL = 0;
				GCC_PREPROCESSOR_DEFINITIONS = (
					"DEBUG=1",
					"$(inherited)",
				);
				GCC_WARN_64_TO_32_BIT_CONVERSION = YES;
				GCC_WARN_ABOUT_RETURN_TYPE = YES_ERROR;
				GCC_WARN_UNDECLARED_SELECTOR = YES;
				GCC_WARN_UNINITIALIZED_AUTOS = YES_AGGRESSIVE;
				GCC_WARN_UNUSED_FUNCTION = YES;
				GCC_WARN_UNUSED_VARIABLE = YES;
				MACOSX_DEPLOYMENT_TARGET = 11.1;
				MTL_ENABLE_DEBUG_INFO = INCLUDE_SOURCE;
				MTL_FAST_MATH = YES;
				ONLY_ACTIVE_ARCH = YES;
				SDKROOT = macosx;
			};
			name = Debug;
		};
		2C6B5D0A25EC85F60044EAEC /* Release */ = {
			isa = XCBuildConfiguration;
			buildSettings = {
				ALWAYS_SEARCH_USER_PATHS = NO;
				CLANG_ANALYZER_NONNULL = YES;
				CLANG_ANALYZER_NUMBER_OBJECT_CONVERSION = YES_AGGRESSIVE;
				CLANG_CXX_LANGUAGE_STANDARD = "gnu++14";
				CLANG_CXX_LIBRARY = "libc++";
				CLANG_ENABLE_MODULES = YES;
				CLANG_ENABLE_OBJC_ARC = YES;
				CLANG_ENABLE_OBJC_WEAK = YES;
				CLANG_WARN_BLOCK_CAPTURE_AUTORELEASING = YES;
				CLANG_WARN_BOOL_CONVERSION = YES;
				CLANG_WARN_COMMA = YES;
				CLANG_WARN_CONSTANT_CONVERSION = YES;
				CLANG_WARN_DEPRECATED_OBJC_IMPLEMENTATIONS = YES;
				CLANG_WARN_DIRECT_OBJC_ISA_USAGE = YES_ERROR;
				CLANG_WARN_DOCUMENTATION_COMMENTS = YES;
				CLANG_WARN_EMPTY_BODY = YES;
				CLANG_WARN_ENUM_CONVERSION = YES;
				CLANG_WARN_INFINITE_RECURSION = YES;
				CLANG_WARN_INT_CONVERSION = YES;
				CLANG_WARN_NON_LITERAL_NULL_CONVERSION = YES;
				CLANG_WARN_OBJC_IMPLICIT_RETAIN_SELF = YES;
				CLANG_WARN_OBJC_LITERAL_CONVERSION = YES;
				CLANG_WARN_OBJC_ROOT_CLASS = YES_ERROR;
				CLANG_WARN_QUOTED_INCLUDE_IN_FRAMEWORK_HEADER = YES;
				CLANG_WARN_RANGE_LOOP_ANALYSIS = YES;
				CLANG_WARN_STRICT_PROTOTYPES = YES;
				CLANG_WARN_SUSPICIOUS_MOVE = YES;
				CLANG_WARN_UNGUARDED_AVAILABILITY = YES_AGGRESSIVE;
				CLANG_WARN_UNREACHABLE_CODE = YES;
				CLANG_WARN__DUPLICATE_METHOD_MATCH = YES;
				COPY_PHASE_STRIP = NO;
				DEBUG_INFORMATION_FORMAT = "dwarf-with-dsym";
				ENABLE_NS_ASSERTIONS = NO;
				ENABLE_STRICT_OBJC_MSGSEND = YES;
				GCC_C_LANGUAGE_STANDARD = gnu11;
				GCC_NO_COMMON_BLOCKS = YES;
				GCC_WARN_64_TO_32_BIT_CONVERSION = YES;
				GCC_WARN_ABOUT_RETURN_TYPE = YES_ERROR;
				GCC_WARN_UNDECLARED_SELECTOR = YES;
				GCC_WARN_UNINITIALIZED_AUTOS = YES_AGGRESSIVE;
				GCC_WARN_UNUSED_FUNCTION = YES;
				GCC_WARN_UNUSED_VARIABLE = YES;
				MACOSX_DEPLOYMENT_TARGET = 11.1;
				MTL_ENABLE_DEBUG_INFO = NO;
				MTL_FAST_MATH = YES;
				SDKROOT = macosx;
			};
			name = Release;
		};
		2C6B5D0C25EC85F60044EAEC /* Debug */ = {
			isa = XCBuildConfiguration;
			buildSettings = {
				CODE_SIGN_ENTITLEMENTS = TowerCodeFramework/TowerCodeFramework.entitlements;
				CODE_SIGN_STYLE = Automatic;
				DEVELOPMENT_TEAM = "";
				ENABLE_HARDENED_RUNTIME = YES;
				FRAMEWORK_SEARCH_PATHS = (
					"$(inherited)",
					"$(PROJECT_DIR)/Framework",
				);
				PRODUCT_NAME = "$(TARGET_NAME)";
			};
			name = Debug;
		};
		2C6B5D0D25EC85F60044EAEC /* Release */ = {
			isa = XCBuildConfiguration;
			buildSettings = {
				CODE_SIGN_ENTITLEMENTS = TowerCodeFramework/TowerCodeFramework.entitlements;
				CODE_SIGN_STYLE = Automatic;
				DEVELOPMENT_TEAM = "";
				ENABLE_HARDENED_RUNTIME = YES;
				FRAMEWORK_SEARCH_PATHS = (
					"$(inherited)",
					"$(PROJECT_DIR)/Framework",
				);
				PRODUCT_NAME = "$(TARGET_NAME)";
			};
			name = Release;
		};
/* End XCBuildConfiguration section */

/* Begin XCConfigurationList section */
		2C6B5CFF25EC85F60044EAEC /* Build configuration list for PBXProject "TowerCodeFramework" */ = {
			isa = XCConfigurationList;
			buildConfigurations = (
				2C6B5D0925EC85F60044EAEC /* Debug */,
				2C6B5D0A25EC85F60044EAEC /* Release */,
			);
			defaultConfigurationIsVisible = 0;
			defaultConfigurationName = Release;
		};
		2C6B5D0B25EC85F60044EAEC /* Build configuration list for PBXNativeTarget "TowerCodeFramework" */ = {
			isa = XCConfigurationList;
			buildConfigurations = (
				2C6B5D0C25EC85F60044EAEC /* Debug */,
				2C6B5D0D25EC85F60044EAEC /* Release */,
			);
			defaultConfigurationIsVisible = 0;
			defaultConfigurationName = Release;
		};
/* End XCConfigurationList section */
	};
	rootObject = 2C6B5CFC25EC85F60044EAEC /* Project object */;
}
