// !$*UTF8*$!
{
	archiveVersion = 1;
	classes = {
	};
	objectVersion = 50;
	objects = {

/* Begin PBXBuildFile section */
		2CABACAB25733B200015D6DE /* TowerTweak.h in Headers */ = {isa = PBXBuildFile; fileRef = 2CABACA925733B200015D6DE /* TowerTweak.h */; settings = {ATTRIBUTES = (Public, ); }; };
		2CABACB625733C260015D6DE /* NSButton+TowerHook.h in Headers */ = {isa = PBXBuildFile; fileRef = 2CABACB425733C260015D6DE /* NSButton+TowerHook.h */; };
		2CABACB725733C260015D6DE /* NSButton+TowerHook.m in Sources */ = {isa = PBXBuildFile; fileRef = 2CABACB525733C260015D6DE /* NSButton+TowerHook.m */; };
		2CABACBE25733C680015D6DE /* JRSwizzle.m in Sources */ = {isa = PBXBuildFile; fileRef = 2CABACBC25733C680015D6DE /* JRSwizzle.m */; };
		2CABACBF25733C680015D6DE /* JRSwizzle.h in Headers */ = {isa = PBXBuildFile; fileRef = 2CABACBD25733C680015D6DE /* JRSwizzle.h */; };
		2CABACC625733D5E0015D6DE /* NSObject+TowerHook.m in Sources */ = {isa = PBXBuildFile; fileRef = 2CABACC425733CEF0015D6DE /* NSObject+TowerHook.m */; };
/* End PBXBuildFile section */

/* Begin PBXFileReference section */
		2CABACA625733B200015D6DE /* TowerTweak.framework */ = {isa = PBXFileReference; explicitFileType = wrapper.framework; includeInIndex = 0; path = TowerTweak.framework; sourceTree = BUILT_PRODUCTS_DIR; };
		2CABACA925733B200015D6DE /* TowerTweak.h */ = {isa = PBXFileReference; lastKnownFileType = sourcecode.c.h; path = TowerTweak.h; sourceTree = "<group>"; };
		2CABACAA25733B200015D6DE /* Info.plist */ = {isa = PBXFileReference; lastKnownFileType = text.plist.xml; path = Info.plist; sourceTree = "<group>"; };
		2CABACB425733C260015D6DE /* NSButton+TowerHook.h */ = {isa = PBXFileReference; fileEncoding = 4; lastKnownFileType = sourcecode.c.h; path = "NSButton+TowerHook.h"; sourceTree = "<group>"; };
		2CABACB525733C260015D6DE /* NSButton+TowerHook.m */ = {isa = PBXFileReference; fileEncoding = 4; lastKnownFileType = sourcecode.c.objc; path = "NSButton+TowerHook.m"; sourceTree = "<group>"; };
		2CABACB925733C3D0015D6DE /* TowerHeader.h */ = {isa = PBXFileReference; lastKnownFileType = sourcecode.c.h; path = TowerHeader.h; sourceTree = "<group>"; };
		2CABACBC25733C680015D6DE /* JRSwizzle.m */ = {isa = PBXFileReference; fileEncoding = 4; lastKnownFileType = sourcecode.c.objc; path = JRSwizzle.m; sourceTree = "<group>"; };
		2CABACBD25733C680015D6DE /* JRSwizzle.h */ = {isa = PBXFileReference; fileEncoding = 4; lastKnownFileType = sourcecode.c.h; path = JRSwizzle.h; sourceTree = "<group>"; };
		2CABACC325733CEF0015D6DE /* NSObject+TowerHook.h */ = {isa = PBXFileReference; lastKnownFileType = sourcecode.c.h; path = "NSObject+TowerHook.h"; sourceTree = "<group>"; };
		2CABACC425733CEF0015D6DE /* NSObject+TowerHook.m */ = {isa = PBXFileReference; lastKnownFileType = sourcecode.c.objc; path = "NSObject+TowerHook.m"; sourceTree = "<group>"; };
/* End PBXFileReference section */

/* Begin PBXFrameworksBuildPhase section */
		2CABACA325733B200015D6DE /* Frameworks */ = {
			isa = PBXFrameworksBuildPhase;
			buildActionMask = 2147483647;
			files = (
			);
			runOnlyForDeploymentPostprocessing = 0;
		};
/* End PBXFrameworksBuildPhase section */

/* Begin PBXGroup section */
		2CABAC9C25733B200015D6DE = {
			isa = PBXGroup;
			children = (
				2CABACA825733B200015D6DE /* TowerTweak */,
				2CABACA725733B200015D6DE /* Products */,
			);
			sourceTree = "<group>";
		};
		2CABACA725733B200015D6DE /* Products */ = {
			isa = PBXGroup;
			children = (
				2CABACA625733B200015D6DE /* TowerTweak.framework */,
			);
			name = Products;
			sourceTree = "<group>";
		};
		2CABACA825733B200015D6DE /* TowerTweak */ = {
			isa = PBXGroup;
			children = (
				2CABACBB25733C600015D6DE /* Utils */,
				2CABACB925733C3D0015D6DE /* TowerHeader.h */,
				2CABACA925733B200015D6DE /* TowerTweak.h */,
				2CABACAA25733B200015D6DE /* Info.plist */,
				2CABACC325733CEF0015D6DE /* NSObject+TowerHook.h */,
				2CABACC425733CEF0015D6DE /* NSObject+TowerHook.m */,
				2CABACB425733C260015D6DE /* NSButton+TowerHook.h */,
				2CABACB525733C260015D6DE /* NSButton+TowerHook.m */,
			);
			path = TowerTweak;
			sourceTree = "<group>";
		};
		2CABACBB25733C600015D6DE /* Utils */ = {
			isa = PBXGroup;
			children = (
				2CABACBD25733C680015D6DE /* JRSwizzle.h */,
				2CABACBC25733C680015D6DE /* JRSwizzle.m */,
			);
			path = Utils;
			sourceTree = "<group>";
		};
/* End PBXGroup section */

/* Begin PBXHeadersBuildPhase section */
		2CABACA125733B200015D6DE /* Headers */ = {
			isa = PBXHeadersBuildPhase;
			buildActionMask = 2147483647;
			files = (
				2CABACB625733C260015D6DE /* NSButton+TowerHook.h in Headers */,
				2CABACBF25733C680015D6DE /* JRSwizzle.h in Headers */,
				2CABACAB25733B200015D6DE /* TowerTweak.h in Headers */,
			);
			runOnlyForDeploymentPostprocessing = 0;
		};
/* End PBXHeadersBuildPhase section */

/* Begin PBXNativeTarget section */
		2CABACA525733B200015D6DE /* TowerTweak */ = {
			isa = PBXNativeTarget;
			buildConfigurationList = 2CABACAE25733B200015D6DE /* Build configuration list for PBXNativeTarget "TowerTweak" */;
			buildPhases = (
				2CABACA125733B200015D6DE /* Headers */,
				2CABACA225733B200015D6DE /* Sources */,
				2CABACA325733B200015D6DE /* Frameworks */,
				2CABACA425733B200015D6DE /* Resources */,
				2CABACB225733BC80015D6DE /* Path */,
			);
			buildRules = (
			);
			dependencies = (
			);
			name = TowerTweak;
			productName = TowerTweak;
			productReference = 2CABACA625733B200015D6DE /* TowerTweak.framework */;
			productType = "com.apple.product-type.framework";
		};
/* End PBXNativeTarget section */

/* Begin PBXProject section */
		2CABAC9D25733B200015D6DE /* Project object */ = {
			isa = PBXProject;
			attributes = {
				LastUpgradeCheck = 1220;
				TargetAttributes = {
					2CABACA525733B200015D6DE = {
						CreatedOnToolsVersion = 12.2;
					};
				};
			};
			buildConfigurationList = 2CABACA025733B200015D6DE /* Build configuration list for PBXProject "TowerTweak" */;
			compatibilityVersion = "Xcode 9.3";
			developmentRegion = en;
			hasScannedForEncodings = 0;
			knownRegions = (
				en,
				Base,
			);
			mainGroup = 2CABAC9C25733B200015D6DE;
			productRefGroup = 2CABACA725733B200015D6DE /* Products */;
			projectDirPath = "";
			projectRoot = "";
			targets = (
				2CABACA525733B200015D6DE /* TowerTweak */,
			);
		};
/* End PBXProject section */

/* Begin PBXResourcesBuildPhase section */
		2CABACA425733B200015D6DE /* Resources */ = {
			isa = PBXResourcesBuildPhase;
			buildActionMask = 2147483647;
			files = (
			);
			runOnlyForDeploymentPostprocessing = 0;
		};
/* End PBXResourcesBuildPhase section */

/* Begin PBXShellScriptBuildPhase section */
		2CABACB225733BC80015D6DE /* Path */ = {
			isa = PBXShellScriptBuildPhase;
			buildActionMask = 2147483647;
			files = (
			);
			inputFileListPaths = (
			);
			inputPaths = (
			);
			name = Path;
			outputFileListPaths = (
			);
			outputPaths = (
			);
			runOnlyForDeploymentPostprocessing = 0;
			shellPath = /bin/sh;
			shellScript = "# Type a script or drag a script file from your workspace to insert its path.\n#!/bin/bash\n\napp_name=\"Tower\"\nframework_name=\"TowerTweak\"\napp_bundle_path=\"/Applications/${app_name}.app/Contents/MacOS\"\napp_executable_path=\"${app_bundle_path}/${app_name}\"\napp_executable_backup_path=\"${app_executable_path}_\"\nframework_path=\"${app_bundle_path}/${framework_name}.framework\"\n\n# 备份原始可执行文件\nif [ ! -f \"$app_executable_backup_path\" ]\nthen\ncp \"$app_executable_path\" \"$app_executable_backup_path\"\nfi\ncp -r \"${BUILT_PRODUCTS_DIR}/${framework_name}.framework\" ${app_bundle_path}\n./insert_dylib --all-yes \"${framework_path}/${framework_name}\" \"$app_executable_backup_path\" \"$app_executable_path\"\n";
		};
/* End PBXShellScriptBuildPhase section */

/* Begin PBXSourcesBuildPhase section */
		2CABACA225733B200015D6DE /* Sources */ = {
			isa = PBXSourcesBuildPhase;
			buildActionMask = 2147483647;
			files = (
				2CABACBE25733C680015D6DE /* JRSwizzle.m in Sources */,
				2CABACB725733C260015D6DE /* NSButton+TowerHook.m in Sources */,
				2CABACC625733D5E0015D6DE /* NSObject+TowerHook.m in Sources */,
			);
			runOnlyForDeploymentPostprocessing = 0;
		};
/* End PBXSourcesBuildPhase section */

/* Begin XCBuildConfiguration section */
		2CABACAC25733B200015D6DE /* Debug */ = {
			isa = XCBuildConfiguration;
			buildSettings = {
				ALWAYS_SEARCH_USER_PATHS = NO;
				CLANG_ANALYZER_NONNULL = YES;
				CLANG_ANALYZER_NUMBER_OBJECT_CONVERSION = YES_AGGRESSIVE;
				CLANG_CXX_LANGUAGE_STANDARD = "gnu++14";
				CLANG_CXX_LIBRARY = "libc++";
				CLANG_ENABLE_MODULES = YES;
				CLANG_ENABLE_OBJC_ARC = YES;
				CLANG_ENABLE_OBJC_WEAK = YES;
				CLANG_WARN_BLOCK_CAPTURE_AUTORELEASING = YES;
				CLANG_WARN_BOOL_CONVERSION = YES;
				CLANG_WARN_COMMA = YES;
				CLANG_WARN_CONSTANT_CONVERSION = YES;
				CLANG_WARN_DEPRECATED_OBJC_IMPLEMENTATIONS = YES;
				CLANG_WARN_DIRECT_OBJC_ISA_USAGE = YES_ERROR;
				CLANG_WARN_DOCUMENTATION_COMMENTS = YES;
				CLANG_WARN_EMPTY_BODY = YES;
				CLANG_WARN_ENUM_CONVERSION = YES;
				CLANG_WARN_INFINITE_RECURSION = YES;
				CLANG_WARN_INT_CONVERSION = YES;
				CLANG_WARN_NON_LITERAL_NULL_CONVERSION = YES;
				CLANG_WARN_OBJC_IMPLICIT_RETAIN_SELF = YES;
				CLANG_WARN_OBJC_LITERAL_CONVERSION = YES;
				CLANG_WARN_OBJC_ROOT_CLASS = YES_ERROR;
				CLANG_WARN_QUOTED_INCLUDE_IN_FRAMEWORK_HEADER = YES;
				CLANG_WARN_RANGE_LOOP_ANALYSIS = YES;
				CLANG_WARN_STRICT_PROTOTYPES = YES;
				CLANG_WARN_SUSPICIOUS_MOVE = YES;
				CLANG_WARN_UNGUARDED_AVAILABILITY = YES_AGGRESSIVE;
				CLANG_WARN_UNREACHABLE_CODE = YES;
				CLANG_WARN__DUPLICATE_METHOD_MATCH = YES;
				COPY_PHASE_STRIP = NO;
				CURRENT_PROJECT_VERSION = 1;
				DEBUG_INFORMATION_FORMAT = dwarf;
				ENABLE_STRICT_OBJC_MSGSEND = YES;
				ENABLE_TESTABILITY = YES;
				GCC_C_LANGUAGE_STANDARD = gnu11;
				GCC_DYNAMIC_NO_PIC = NO;
				GCC_NO_COMMON_BLOCKS = YES;
				GCC_OPTIMIZATION_LEVEL = 0;
				GCC_PREPROCESSOR_DEFINITIONS = (
					"DEBUG=1",
					"$(inherited)",
				);
				GCC_WARN_64_TO_32_BIT_CONVERSION = YES;
				GCC_WARN_ABOUT_RETURN_TYPE = YES_ERROR;
				GCC_WARN_UNDECLARED_SELECTOR = YES;
				GCC_WARN_UNINITIALIZED_AUTOS = YES_AGGRESSIVE;
				GCC_WARN_UNUSED_FUNCTION = YES;
				GCC_WARN_UNUSED_VARIABLE = YES;
				MACOSX_DEPLOYMENT_TARGET = 11.0;
				MTL_ENABLE_DEBUG_INFO = INCLUDE_SOURCE;
				MTL_FAST_MATH = YES;
				ONLY_ACTIVE_ARCH = YES;
				SDKROOT = macosx;
				VERSIONING_SYSTEM = "apple-generic";
				VERSION_INFO_PREFIX = "";
			};
			name = Debug;
		};
		2CABACAD25733B200015D6DE /* Release */ = {
			isa = XCBuildConfiguration;
			buildSettings = {
				ALWAYS_SEARCH_USER_PATHS = NO;
				CLANG_ANALYZER_NONNULL = YES;
				CLANG_ANALYZER_NUMBER_OBJECT_CONVERSION = YES_AGGRESSIVE;
				CLANG_CXX_LANGUAGE_STANDARD = "gnu++14";
				CLANG_CXX_LIBRARY = "libc++";
				CLANG_ENABLE_MODULES = YES;
				CLANG_ENABLE_OBJC_ARC = YES;
				CLANG_ENABLE_OBJC_WEAK = YES;
				CLANG_WARN_BLOCK_CAPTURE_AUTORELEASING = YES;
				CLANG_WARN_BOOL_CONVERSION = YES;
				CLANG_WARN_COMMA = YES;
				CLANG_WARN_CONSTANT_CONVERSION = YES;
				CLANG_WARN_DEPRECATED_OBJC_IMPLEMENTATIONS = YES;
				CLANG_WARN_DIRECT_OBJC_ISA_USAGE = YES_ERROR;
				CLANG_WARN_DOCUMENTATION_COMMENTS = YES;
				CLANG_WARN_EMPTY_BODY = YES;
				CLANG_WARN_ENUM_CONVERSION = YES;
				CLANG_WARN_INFINITE_RECURSION = YES;
				CLANG_WARN_INT_CONVERSION = YES;
				CLANG_WARN_NON_LITERAL_NULL_CONVERSION = YES;
				CLANG_WARN_OBJC_IMPLICIT_RETAIN_SELF = YES;
				CLANG_WARN_OBJC_LITERAL_CONVERSION = YES;
				CLANG_WARN_OBJC_ROOT_CLASS = YES_ERROR;
				CLANG_WARN_QUOTED_INCLUDE_IN_FRAMEWORK_HEADER = YES;
				CLANG_WARN_RANGE_LOOP_ANALYSIS = YES;
				CLANG_WARN_STRICT_PROTOTYPES = YES;
				CLANG_WARN_SUSPICIOUS_MOVE = YES;
				CLANG_WARN_UNGUARDED_AVAILABILITY = YES_AGGRESSIVE;
				CLANG_WARN_UNREACHABLE_CODE = YES;
				CLANG_WARN__DUPLICATE_METHOD_MATCH = YES;
				COPY_PHASE_STRIP = NO;
				CURRENT_PROJECT_VERSION = 1;
				DEBUG_INFORMATION_FORMAT = "dwarf-with-dsym";
				ENABLE_NS_ASSERTIONS = NO;
				ENABLE_STRICT_OBJC_MSGSEND = YES;
				GCC_C_LANGUAGE_STANDARD = gnu11;
				GCC_NO_COMMON_BLOCKS = YES;
				GCC_WARN_64_TO_32_BIT_CONVERSION = YES;
				GCC_WARN_ABOUT_RETURN_TYPE = YES_ERROR;
				GCC_WARN_UNDECLARED_SELECTOR = YES;
				GCC_WARN_UNINITIALIZED_AUTOS = YES_AGGRESSIVE;
				GCC_WARN_UNUSED_FUNCTION = YES;
				GCC_WARN_UNUSED_VARIABLE = YES;
				MACOSX_DEPLOYMENT_TARGET = 11.0;
				MTL_ENABLE_DEBUG_INFO = NO;
				MTL_FAST_MATH = YES;
				SDKROOT = macosx;
				VERSIONING_SYSTEM = "apple-generic";
				VERSION_INFO_PREFIX = "";
			};
			name = Release;
		};
		2CABACAF25733B200015D6DE /* Debug */ = {
			isa = XCBuildConfiguration;
			buildSettings = {
				CODE_SIGN_STYLE = Automatic;
				COMBINE_HIDPI_IMAGES = YES;
				DEFINES_MODULE = YES;
				DEVELOPMENT_TEAM = NG779RMVC9;
				DYLIB_COMPATIBILITY_VERSION = 1;
				DYLIB_CURRENT_VERSION = 1;
				DYLIB_INSTALL_NAME_BASE = "@rpath";
				INFOPLIST_FILE = TowerTweak/Info.plist;
				INSTALL_PATH = "$(LOCAL_LIBRARY_DIR)/Frameworks";
				LD_RUNPATH_SEARCH_PATHS = (
					"$(inherited)",
					"@executable_path/../Frameworks",
					"@loader_path/Frameworks",
				);
				PRODUCT_BUNDLE_IDENTIFIER = com.iSylar.TowerTweak;
				PRODUCT_NAME = "$(TARGET_NAME:c99extidentifier)";
				SKIP_INSTALL = YES;
			};
			name = Debug;
		};
		2CABACB025733B200015D6DE /* Release */ = {
			isa = XCBuildConfiguration;
			buildSettings = {
				CODE_SIGN_STYLE = Automatic;
				COMBINE_HIDPI_IMAGES = YES;
				DEFINES_MODULE = YES;
				DEVELOPMENT_TEAM = NG779RMVC9;
				DYLIB_COMPATIBILITY_VERSION = 1;
				DYLIB_CURRENT_VERSION = 1;
				DYLIB_INSTALL_NAME_BASE = "@rpath";
				INFOPLIST_FILE = TowerTweak/Info.plist;
				INSTALL_PATH = "$(LOCAL_LIBRARY_DIR)/Frameworks";
				LD_RUNPATH_SEARCH_PATHS = (
					"$(inherited)",
					"@executable_path/../Frameworks",
					"@loader_path/Frameworks",
				);
				PRODUCT_BUNDLE_IDENTIFIER = com.iSylar.TowerTweak;
				PRODUCT_NAME = "$(TARGET_NAME:c99extidentifier)";
				SKIP_INSTALL = YES;
			};
			name = Release;
		};
/* End XCBuildConfiguration section */

/* Begin XCConfigurationList section */
		2CABACA025733B200015D6DE /* Build configuration list for PBXProject "TowerTweak" */ = {
			isa = XCConfigurationList;
			buildConfigurations = (
				2CABACAC25733B200015D6DE /* Debug */,
				2CABACAD25733B200015D6DE /* Release */,
			);
			defaultConfigurationIsVisible = 0;
			defaultConfigurationName = Release;
		};
		2CABACAE25733B200015D6DE /* Build configuration list for PBXNativeTarget "TowerTweak" */ = {
			isa = XCConfigurationList;
			buildConfigurations = (
				2CABACAF25733B200015D6DE /* Debug */,
				2CABACB025733B200015D6DE /* Release */,
			);
			defaultConfigurationIsVisible = 0;
			defaultConfigurationName = Release;
		};
/* End XCConfigurationList section */
	};
	rootObject = 2CABAC9D25733B200015D6DE /* Project object */;
}
